// !$*UTF8*$!
{
	archiveVersion = 1;
	classes = {
	};
	objectVersion = 52;
	objects = {

/* Begin PBXBuildFile section */
		251AEBBC2678943500AA05BA /* AppDelegate.swift in Sources */ = {isa = PBXBuildFile; fileRef = 251AEBBB2678943500AA05BA /* AppDelegate.swift */; };
		251AEBBE2678943500AA05BA /* SceneDelegate.swift in Sources */ = {isa = PBXBuildFile; fileRef = 251AEBBD2678943500AA05BA /* SceneDelegate.swift */; };
		251AEBC32678943500AA05BA /* GitAcademy.xcdatamodeld in Sources */ = {isa = PBXBuildFile; fileRef = 251AEBC12678943500AA05BA /* GitAcademy.xcdatamodeld */; };
		251AEBC52678943700AA05BA /* Assets.xcassets in Resources */ = {isa = PBXBuildFile; fileRef = 251AEBC42678943700AA05BA /* Assets.xcassets */; };
		251AEBC82678943700AA05BA /* Preview Assets.xcassets in Resources */ = {isa = PBXBuildFile; fileRef = 251AEBC72678943700AA05BA /* Preview Assets.xcassets */; };
		251AEBCB2678943700AA05BA /* LaunchScreen.storyboard in Resources */ = {isa = PBXBuildFile; fileRef = 251AEBC92678943700AA05BA /* LaunchScreen.storyboard */; };
		251AEBD62678943700AA05BA /* GitAcademyTests.swift in Sources */ = {isa = PBXBuildFile; fileRef = 251AEBD52678943700AA05BA /* GitAcademyTests.swift */; };
		251AEBE12678943700AA05BA /* GitAcademyUITests.swift in Sources */ = {isa = PBXBuildFile; fileRef = 251AEBE02678943700AA05BA /* GitAcademyUITests.swift */; };
		251AEBEF2678946E00AA05BA /* LoginViewController.swift in Sources */ = {isa = PBXBuildFile; fileRef = 251AEBEE2678946E00AA05BA /* LoginViewController.swift */; };
		251AEBF5267A1D7800AA05BA /* CoordinatorProtocol.swift in Sources */ = {isa = PBXBuildFile; fileRef = 251AEBF4267A1D7800AA05BA /* CoordinatorProtocol.swift */; };
		251AEBF7267A2CDB00AA05BA /* MainCoordinator.swift in Sources */ = {isa = PBXBuildFile; fileRef = 251AEBF6267A2CDB00AA05BA /* MainCoordinator.swift */; };
		251AEBFB267BFD4500AA05BA /* DependencyContainer.swift in Sources */ = {isa = PBXBuildFile; fileRef = 251AEBFA267BFD4500AA05BA /* DependencyContainer.swift */; };
		251AEBFE267BFD7C00AA05BA /* ViewControllersFactory.swift in Sources */ = {isa = PBXBuildFile; fileRef = 251AEBFD267BFD7C00AA05BA /* ViewControllersFactory.swift */; };
		251AEC00267FDBDC00AA05BA /* ProfileViewController.swift in Sources */ = {isa = PBXBuildFile; fileRef = 251AEBFF267FDBDC00AA05BA /* ProfileViewController.swift */; };
		2531EFF526933BF9008DFB52 /* StarredRepositories.swift in Sources */ = {isa = PBXBuildFile; fileRef = 2531EFF426933BF9008DFB52 /* StarredRepositories.swift */; };
		2531EFF826938074008DFB52 /* RepositoriesViewController.swift in Sources */ = {isa = PBXBuildFile; fileRef = 2531EFF726938074008DFB52 /* RepositoriesViewController.swift */; };
		2531EFFA26939915008DFB52 /* RepositoriesListCell.swift in Sources */ = {isa = PBXBuildFile; fileRef = 2531EFF926939915008DFB52 /* RepositoriesListCell.swift */; };
		2531F0012693D768008DFB52 /* FollowersListViewController.swift in Sources */ = {isa = PBXBuildFile; fileRef = 2531F0002693D768008DFB52 /* FollowersListViewController.swift */; };
		2531F0042693DC64008DFB52 /* FollowersListCell.swift in Sources */ = {isa = PBXBuildFile; fileRef = 2531F0032693DC64008DFB52 /* FollowersListCell.swift */; };
		2531F0062693E9CA008DFB52 /* Follower.swift in Sources */ = {isa = PBXBuildFile; fileRef = 2531F0052693E9C9008DFB52 /* Follower.swift */; };
		253E092C269068820099A46F /* UserInformationView.swift in Sources */ = {isa = PBXBuildFile; fileRef = 253E092B269068820099A46F /* UserInformationView.swift */; };
		253E092E2691165A0099A46F /* RepositoryListView.swift in Sources */ = {isa = PBXBuildFile; fileRef = 253E092D2691165A0099A46F /* RepositoryListView.swift */; };
		25546267269471BD0045FD5F /* FollowingListViewController.swift in Sources */ = {isa = PBXBuildFile; fileRef = 25546266269471BD0045FD5F /* FollowingListViewController.swift */; };
		255462712696678F0045FD5F /* StarredRepositoriesViewController.swift in Sources */ = {isa = PBXBuildFile; fileRef = 255462702696678F0045FD5F /* StarredRepositoriesViewController.swift */; };
		25653D76268C9C0100E1CB8D /* ProfileViewModel.swift in Sources */ = {isa = PBXBuildFile; fileRef = 25653D75268C9C0100E1CB8D /* ProfileViewModel.swift */; };
		2568A88C268B3A8B00821960 /* UserData.swift in Sources */ = {isa = PBXBuildFile; fileRef = 2568A88B268B3A8B00821960 /* UserData.swift */; };
		2568A88E268B561C00821960 /* Observable.swift in Sources */ = {isa = PBXBuildFile; fileRef = 2568A88D268B561C00821960 /* Observable.swift */; };
		258900D726975E7200229177 /* GitAPIMock.swift in Sources */ = {isa = PBXBuildFile; fileRef = 258900D626975E7200229177 /* GitAPIMock.swift */; };
		2592D6FB2685291A004ABBD1 /* SnapKit in Frameworks */ = {isa = PBXBuildFile; productRef = 2592D6FA2685291A004ABBD1 /* SnapKit */; };
		2592D6FD26852AA3004ABBD1 /* BaseViewController.swift in Sources */ = {isa = PBXBuildFile; fileRef = 2592D6FC26852AA3004ABBD1 /* BaseViewController.swift */; };
		2592D6FF26852B22004ABBD1 /* BaseView.swift in Sources */ = {isa = PBXBuildFile; fileRef = 2592D6FE26852B22004ABBD1 /* BaseView.swift */; };
		2592D701268535A3004ABBD1 /* CustomButton.swift in Sources */ = {isa = PBXBuildFile; fileRef = 2592D700268535A3004ABBD1 /* CustomButton.swift */; };
		259DBC98268D0EFF002CE801 /* Kingfisher in Frameworks */ = {isa = PBXBuildFile; productRef = 259DBC97268D0EFF002CE801 /* Kingfisher */; };
		25B5E6FF268330C500F4997E /* GitHubConstants.swift in Sources */ = {isa = PBXBuildFile; fileRef = 25B5E6FE268330C500F4997E /* GitHubConstants.swift */; };
		25B5E702268331C400F4997E /* Alamofire in Frameworks */ = {isa = PBXBuildFile; productRef = 25B5E701268331C400F4997E /* Alamofire */; };
		25B5E70626833A5600F4997E /* GitHubAccessToken.swift in Sources */ = {isa = PBXBuildFile; fileRef = 25B5E70526833A5600F4997E /* GitHubAccessToken.swift */; };
		25B5E7092683448F00F4997E /* SecureStore.swift in Sources */ = {isa = PBXBuildFile; fileRef = 25B5E7082683448F00F4997E /* SecureStore.swift */; };
		25B5E70B2683559E00F4997E /* SecureStoreError.swift in Sources */ = {isa = PBXBuildFile; fileRef = 25B5E70A2683559E00F4997E /* SecureStoreError.swift */; };
		25B5E70D268355BA00F4997E /* SecureStoreQueryable.swift in Sources */ = {isa = PBXBuildFile; fileRef = 25B5E70C268355BA00F4997E /* SecureStoreQueryable.swift */; };
		25B5E7112683562400F4997E /* Repositories.swift in Sources */ = {isa = PBXBuildFile; fileRef = 25B5E70E2683562400F4997E /* Repositories.swift */; };
		25B5E7122683562400F4997E /* Repository.swift in Sources */ = {isa = PBXBuildFile; fileRef = 25B5E70F2683562400F4997E /* Repository.swift */; };
		25B5E71626835CC800F4997E /* LoginViewModel.swift in Sources */ = {isa = PBXBuildFile; fileRef = 25B5E71526835CC800F4997E /* LoginViewModel.swift */; };
		25B5E71826835D7200F4997E /* TokenManager.swift in Sources */ = {isa = PBXBuildFile; fileRef = 25B5E71726835D7200F4997E /* TokenManager.swift */; };
		25B5E71A2683601800F4997E /* GitAPIManager.swift in Sources */ = {isa = PBXBuildFile; fileRef = 25B5E7192683601800F4997E /* GitAPIManager.swift */; };
		25B5E71C2683604000F4997E /* GitRouter.swift in Sources */ = {isa = PBXBuildFile; fileRef = 25B5E71B2683604000F4997E /* GitRouter.swift */; };
		25B5E720268368C100F4997E /* GitNetworkReachability.swift in Sources */ = {isa = PBXBuildFile; fileRef = 25B5E71D268368C000F4997E /* GitNetworkReachability.swift */; };
		25B5E721268368C100F4997E /* GitNetworkLogger.swift in Sources */ = {isa = PBXBuildFile; fileRef = 25B5E71E268368C000F4997E /* GitNetworkLogger.swift */; };
		25B5E722268368C100F4997E /* GitRequestInterceptor.swift in Sources */ = {isa = PBXBuildFile; fileRef = 25B5E71F268368C100F4997E /* GitRequestInterceptor.swift */; };
/* End PBXBuildFile section */

/* Begin PBXContainerItemProxy section */
		251AEBD22678943700AA05BA /* PBXContainerItemProxy */ = {
			isa = PBXContainerItemProxy;
			containerPortal = 251AEBB02678943500AA05BA /* Project object */;
			proxyType = 1;
			remoteGlobalIDString = 251AEBB72678943500AA05BA;
			remoteInfo = GitAcademy;
		};
		251AEBDD2678943700AA05BA /* PBXContainerItemProxy */ = {
			isa = PBXContainerItemProxy;
			containerPortal = 251AEBB02678943500AA05BA /* Project object */;
			proxyType = 1;
			remoteGlobalIDString = 251AEBB72678943500AA05BA;
			remoteInfo = GitAcademy;
		};
/* End PBXContainerItemProxy section */

/* Begin PBXFileReference section */
		251AEBB82678943500AA05BA /* GitAcademy.app */ = {isa = PBXFileReference; explicitFileType = wrapper.application; includeInIndex = 0; path = GitAcademy.app; sourceTree = BUILT_PRODUCTS_DIR; };
		251AEBBB2678943500AA05BA /* AppDelegate.swift */ = {isa = PBXFileReference; lastKnownFileType = sourcecode.swift; path = AppDelegate.swift; sourceTree = "<group>"; };
		251AEBBD2678943500AA05BA /* SceneDelegate.swift */ = {isa = PBXFileReference; lastKnownFileType = sourcecode.swift; path = SceneDelegate.swift; sourceTree = "<group>"; };
		251AEBC22678943500AA05BA /* GitAcademy.xcdatamodel */ = {isa = PBXFileReference; lastKnownFileType = wrapper.xcdatamodel; path = GitAcademy.xcdatamodel; sourceTree = "<group>"; };
		251AEBC42678943700AA05BA /* Assets.xcassets */ = {isa = PBXFileReference; lastKnownFileType = folder.assetcatalog; path = Assets.xcassets; sourceTree = "<group>"; };
		251AEBC72678943700AA05BA /* Preview Assets.xcassets */ = {isa = PBXFileReference; lastKnownFileType = folder.assetcatalog; path = "Preview Assets.xcassets"; sourceTree = "<group>"; };
		251AEBCA2678943700AA05BA /* Base */ = {isa = PBXFileReference; lastKnownFileType = file.storyboard; name = Base; path = Base.lproj/LaunchScreen.storyboard; sourceTree = "<group>"; };
		251AEBCC2678943700AA05BA /* Info.plist */ = {isa = PBXFileReference; lastKnownFileType = text.plist.xml; path = Info.plist; sourceTree = "<group>"; };
		251AEBD12678943700AA05BA /* GitAcademyTests.xctest */ = {isa = PBXFileReference; explicitFileType = wrapper.cfbundle; includeInIndex = 0; path = GitAcademyTests.xctest; sourceTree = BUILT_PRODUCTS_DIR; };
		251AEBD52678943700AA05BA /* GitAcademyTests.swift */ = {isa = PBXFileReference; lastKnownFileType = sourcecode.swift; path = GitAcademyTests.swift; sourceTree = "<group>"; };
		251AEBD72678943700AA05BA /* Info.plist */ = {isa = PBXFileReference; lastKnownFileType = text.plist.xml; path = Info.plist; sourceTree = "<group>"; };
		251AEBDC2678943700AA05BA /* GitAcademyUITests.xctest */ = {isa = PBXFileReference; explicitFileType = wrapper.cfbundle; includeInIndex = 0; path = GitAcademyUITests.xctest; sourceTree = BUILT_PRODUCTS_DIR; };
		251AEBE02678943700AA05BA /* GitAcademyUITests.swift */ = {isa = PBXFileReference; lastKnownFileType = sourcecode.swift; path = GitAcademyUITests.swift; sourceTree = "<group>"; };
		251AEBE22678943700AA05BA /* Info.plist */ = {isa = PBXFileReference; lastKnownFileType = text.plist.xml; path = Info.plist; sourceTree = "<group>"; };
		251AEBEE2678946E00AA05BA /* LoginViewController.swift */ = {isa = PBXFileReference; lastKnownFileType = sourcecode.swift; path = LoginViewController.swift; sourceTree = "<group>"; };
		251AEBF4267A1D7800AA05BA /* CoordinatorProtocol.swift */ = {isa = PBXFileReference; lastKnownFileType = sourcecode.swift; path = CoordinatorProtocol.swift; sourceTree = "<group>"; };
		251AEBF6267A2CDB00AA05BA /* MainCoordinator.swift */ = {isa = PBXFileReference; lastKnownFileType = sourcecode.swift; path = MainCoordinator.swift; sourceTree = "<group>"; };
		251AEBFA267BFD4500AA05BA /* DependencyContainer.swift */ = {isa = PBXFileReference; lastKnownFileType = sourcecode.swift; path = DependencyContainer.swift; sourceTree = "<group>"; };
		251AEBFD267BFD7C00AA05BA /* ViewControllersFactory.swift */ = {isa = PBXFileReference; lastKnownFileType = sourcecode.swift; path = ViewControllersFactory.swift; sourceTree = "<group>"; };
		251AEBFF267FDBDC00AA05BA /* ProfileViewController.swift */ = {isa = PBXFileReference; lastKnownFileType = sourcecode.swift; path = ProfileViewController.swift; sourceTree = "<group>"; };
		2531EFF426933BF9008DFB52 /* StarredRepositories.swift */ = {isa = PBXFileReference; lastKnownFileType = sourcecode.swift; path = StarredRepositories.swift; sourceTree = "<group>"; };
		2531EFF726938074008DFB52 /* RepositoriesViewController.swift */ = {isa = PBXFileReference; lastKnownFileType = sourcecode.swift; path = RepositoriesViewController.swift; sourceTree = "<group>"; };
		2531EFF926939915008DFB52 /* RepositoriesListCell.swift */ = {isa = PBXFileReference; lastKnownFileType = sourcecode.swift; path = RepositoriesListCell.swift; sourceTree = "<group>"; };
		2531F0002693D768008DFB52 /* FollowersListViewController.swift */ = {isa = PBXFileReference; lastKnownFileType = sourcecode.swift; path = FollowersListViewController.swift; sourceTree = "<group>"; };
		2531F0032693DC64008DFB52 /* FollowersListCell.swift */ = {isa = PBXFileReference; lastKnownFileType = sourcecode.swift; path = FollowersListCell.swift; sourceTree = "<group>"; };
		2531F0052693E9C9008DFB52 /* Follower.swift */ = {isa = PBXFileReference; lastKnownFileType = sourcecode.swift; path = Follower.swift; sourceTree = "<group>"; };
		253E092B269068820099A46F /* UserInformationView.swift */ = {isa = PBXFileReference; lastKnownFileType = sourcecode.swift; path = UserInformationView.swift; sourceTree = "<group>"; };
		253E092D2691165A0099A46F /* RepositoryListView.swift */ = {isa = PBXFileReference; lastKnownFileType = sourcecode.swift; path = RepositoryListView.swift; sourceTree = "<group>"; };
		25546266269471BD0045FD5F /* FollowingListViewController.swift */ = {isa = PBXFileReference; lastKnownFileType = sourcecode.swift; path = FollowingListViewController.swift; sourceTree = "<group>"; };
		255462702696678F0045FD5F /* StarredRepositoriesViewController.swift */ = {isa = PBXFileReference; lastKnownFileType = sourcecode.swift; path = StarredRepositoriesViewController.swift; sourceTree = "<group>"; };
		25653D75268C9C0100E1CB8D /* ProfileViewModel.swift */ = {isa = PBXFileReference; lastKnownFileType = sourcecode.swift; path = ProfileViewModel.swift; sourceTree = "<group>"; };
		2568A88B268B3A8B00821960 /* UserData.swift */ = {isa = PBXFileReference; lastKnownFileType = sourcecode.swift; path = UserData.swift; sourceTree = "<group>"; };
		2568A88D268B561C00821960 /* Observable.swift */ = {isa = PBXFileReference; lastKnownFileType = sourcecode.swift; path = Observable.swift; sourceTree = "<group>"; };
		258900D626975E7200229177 /* GitAPIMock.swift */ = {isa = PBXFileReference; lastKnownFileType = sourcecode.swift; path = GitAPIMock.swift; sourceTree = "<group>"; };
		2592D6FC26852AA3004ABBD1 /* BaseViewController.swift */ = {isa = PBXFileReference; lastKnownFileType = sourcecode.swift; path = BaseViewController.swift; sourceTree = "<group>"; };
		2592D6FE26852B22004ABBD1 /* BaseView.swift */ = {isa = PBXFileReference; lastKnownFileType = sourcecode.swift; path = BaseView.swift; sourceTree = "<group>"; };
		2592D700268535A3004ABBD1 /* CustomButton.swift */ = {isa = PBXFileReference; lastKnownFileType = sourcecode.swift; path = CustomButton.swift; sourceTree = "<group>"; };
		25B5E6FE268330C500F4997E /* GitHubConstants.swift */ = {isa = PBXFileReference; lastKnownFileType = sourcecode.swift; path = GitHubConstants.swift; sourceTree = "<group>"; };
		25B5E70526833A5600F4997E /* GitHubAccessToken.swift */ = {isa = PBXFileReference; lastKnownFileType = sourcecode.swift; path = GitHubAccessToken.swift; sourceTree = "<group>"; };
		25B5E7082683448F00F4997E /* SecureStore.swift */ = {isa = PBXFileReference; lastKnownFileType = sourcecode.swift; path = SecureStore.swift; sourceTree = "<group>"; };
		25B5E70A2683559E00F4997E /* SecureStoreError.swift */ = {isa = PBXFileReference; lastKnownFileType = sourcecode.swift; path = SecureStoreError.swift; sourceTree = "<group>"; };
		25B5E70C268355BA00F4997E /* SecureStoreQueryable.swift */ = {isa = PBXFileReference; lastKnownFileType = sourcecode.swift; path = SecureStoreQueryable.swift; sourceTree = "<group>"; };
		25B5E70E2683562400F4997E /* Repositories.swift */ = {isa = PBXFileReference; fileEncoding = 4; lastKnownFileType = sourcecode.swift; path = Repositories.swift; sourceTree = "<group>"; };
		25B5E70F2683562400F4997E /* Repository.swift */ = {isa = PBXFileReference; fileEncoding = 4; lastKnownFileType = sourcecode.swift; path = Repository.swift; sourceTree = "<group>"; };
		25B5E71526835CC800F4997E /* LoginViewModel.swift */ = {isa = PBXFileReference; lastKnownFileType = sourcecode.swift; path = LoginViewModel.swift; sourceTree = "<group>"; };
		25B5E71726835D7200F4997E /* TokenManager.swift */ = {isa = PBXFileReference; lastKnownFileType = sourcecode.swift; path = TokenManager.swift; sourceTree = "<group>"; };
		25B5E7192683601800F4997E /* GitAPIManager.swift */ = {isa = PBXFileReference; lastKnownFileType = sourcecode.swift; path = GitAPIManager.swift; sourceTree = "<group>"; };
		25B5E71B2683604000F4997E /* GitRouter.swift */ = {isa = PBXFileReference; lastKnownFileType = sourcecode.swift; path = GitRouter.swift; sourceTree = "<group>"; };
		25B5E71D268368C000F4997E /* GitNetworkReachability.swift */ = {isa = PBXFileReference; fileEncoding = 4; lastKnownFileType = sourcecode.swift; path = GitNetworkReachability.swift; sourceTree = "<group>"; };
		25B5E71E268368C000F4997E /* GitNetworkLogger.swift */ = {isa = PBXFileReference; fileEncoding = 4; lastKnownFileType = sourcecode.swift; path = GitNetworkLogger.swift; sourceTree = "<group>"; };
		25B5E71F268368C100F4997E /* GitRequestInterceptor.swift */ = {isa = PBXFileReference; fileEncoding = 4; lastKnownFileType = sourcecode.swift; path = GitRequestInterceptor.swift; sourceTree = "<group>"; };
/* End PBXFileReference section */

/* Begin PBXFrameworksBuildPhase section */
		251AEBB52678943500AA05BA /* Frameworks */ = {
			isa = PBXFrameworksBuildPhase;
			buildActionMask = 2147483647;
			files = (
				259DBC98268D0EFF002CE801 /* Kingfisher in Frameworks */,
				25B5E702268331C400F4997E /* Alamofire in Frameworks */,
				2592D6FB2685291A004ABBD1 /* SnapKit in Frameworks */,
			);
			runOnlyForDeploymentPostprocessing = 0;
		};
		251AEBCE2678943700AA05BA /* Frameworks */ = {
			isa = PBXFrameworksBuildPhase;
			buildActionMask = 2147483647;
			files = (
			);
			runOnlyForDeploymentPostprocessing = 0;
		};
		251AEBD92678943700AA05BA /* Frameworks */ = {
			isa = PBXFrameworksBuildPhase;
			buildActionMask = 2147483647;
			files = (
			);
			runOnlyForDeploymentPostprocessing = 0;
		};
/* End PBXFrameworksBuildPhase section */

/* Begin PBXGroup section */
		251AEBAF2678943500AA05BA = {
			isa = PBXGroup;
			children = (
				25B5E71426835C9800F4997E /* ViewModel */,
				25B5E7072683446900F4997E /* Storage */,
				25B5E703268339C900F4997E /* Networking */,
				2552A90C26829CFF00956BC7 /* Model */,
				251AEBF9267BFD1F00AA05BA /* Factories */,
				251AEBF3267A1C9900AA05BA /* Coordinators */,
				251AEBF12678B65200AA05BA /* Scenes */,
				251AEBF02678962600AA05BA /* Common */,
				251AEBBA2678943500AA05BA /* GitAcademy */,
				251AEBD42678943700AA05BA /* GitAcademyTests */,
				251AEBDF2678943700AA05BA /* GitAcademyUITests */,
				251AEBB92678943500AA05BA /* Products */,
			);
			sourceTree = "<group>";
		};
		251AEBB92678943500AA05BA /* Products */ = {
			isa = PBXGroup;
			children = (
				251AEBB82678943500AA05BA /* GitAcademy.app */,
				251AEBD12678943700AA05BA /* GitAcademyTests.xctest */,
				251AEBDC2678943700AA05BA /* GitAcademyUITests.xctest */,
			);
			name = Products;
			sourceTree = "<group>";
		};
		251AEBBA2678943500AA05BA /* GitAcademy */ = {
			isa = PBXGroup;
			children = (
				251AEBC42678943700AA05BA /* Assets.xcassets */,
				251AEBC92678943700AA05BA /* LaunchScreen.storyboard */,
				251AEBCC2678943700AA05BA /* Info.plist */,
				251AEBC12678943500AA05BA /* GitAcademy.xcdatamodeld */,
				251AEBC62678943700AA05BA /* Preview Content */,
			);
			path = GitAcademy;
			sourceTree = "<group>";
		};
		251AEBC62678943700AA05BA /* Preview Content */ = {
			isa = PBXGroup;
			children = (
				251AEBC72678943700AA05BA /* Preview Assets.xcassets */,
			);
			path = "Preview Content";
			sourceTree = "<group>";
		};
		251AEBD42678943700AA05BA /* GitAcademyTests */ = {
			isa = PBXGroup;
			children = (
				258900D526975E5600229177 /* Mocks */,
				258900D426975E4D00229177 /* ViewModel */,
				251AEBD52678943700AA05BA /* GitAcademyTests.swift */,
				251AEBD72678943700AA05BA /* Info.plist */,
			);
			path = GitAcademyTests;
			sourceTree = "<group>";
		};
		251AEBDF2678943700AA05BA /* GitAcademyUITests */ = {
			isa = PBXGroup;
			children = (
				251AEBE02678943700AA05BA /* GitAcademyUITests.swift */,
				251AEBE22678943700AA05BA /* Info.plist */,
			);
			path = GitAcademyUITests;
			sourceTree = "<group>";
		};
		251AEBF02678962600AA05BA /* Common */ = {
			isa = PBXGroup;
			children = (
				251AEBBB2678943500AA05BA /* AppDelegate.swift */,
				251AEBBD2678943500AA05BA /* SceneDelegate.swift */,
				2592D6FC26852AA3004ABBD1 /* BaseViewController.swift */,
				2592D6FE26852B22004ABBD1 /* BaseView.swift */,
			);
			path = Common;
			sourceTree = "<group>";
		};
		251AEBF12678B65200AA05BA /* Scenes */ = {
			isa = PBXGroup;
			children = (
				2592D7022685362A004ABBD1 /* ReusableViews */,
				251AEBF22678B65D00AA05BA /* Views */,
			);
			path = Scenes;
			sourceTree = "<group>";
		};
		251AEBF22678B65D00AA05BA /* Views */ = {
			isa = PBXGroup;
			children = (
				2554626F269667740045FD5F /* StarredRepositories */,
				2531EFFF2693D74E008DFB52 /* FollowingList */,
				2531EFFE2693D732008DFB52 /* FollowersList */,
				2531EFF626938059008DFB52 /* Repositories */,
				253E092A269067E80099A46F /* Login */,
				253E0928269067C80099A46F /* Profile */,
			);
			path = Views;
			sourceTree = "<group>";
		};
		251AEBF3267A1C9900AA05BA /* Coordinators */ = {
			isa = PBXGroup;
			children = (
				251AEBF4267A1D7800AA05BA /* CoordinatorProtocol.swift */,
				251AEBF6267A2CDB00AA05BA /* MainCoordinator.swift */,
			);
			path = Coordinators;
			sourceTree = "<group>";
		};
		251AEBF9267BFD1F00AA05BA /* Factories */ = {
			isa = PBXGroup;
			children = (
				251AEBFA267BFD4500AA05BA /* DependencyContainer.swift */,
				251AEBFD267BFD7C00AA05BA /* ViewControllersFactory.swift */,
			);
			path = Factories;
			sourceTree = "<group>";
		};
		2531EFF626938059008DFB52 /* Repositories */ = {
			isa = PBXGroup;
			children = (
				2531EFFD2693A076008DFB52 /* UI */,
				2531EFF726938074008DFB52 /* RepositoriesViewController.swift */,
			);
			path = Repositories;
			sourceTree = "<group>";
		};
		2531EFFD2693A076008DFB52 /* UI */ = {
			isa = PBXGroup;
			children = (
				2531EFF926939915008DFB52 /* RepositoriesListCell.swift */,
			);
			path = UI;
			sourceTree = "<group>";
		};
		2531EFFE2693D732008DFB52 /* FollowersList */ = {
			isa = PBXGroup;
			children = (
				2531F0022693DC4F008DFB52 /* UI */,
				2531F0002693D768008DFB52 /* FollowersListViewController.swift */,
			);
			path = FollowersList;
			sourceTree = "<group>";
		};
		2531EFFF2693D74E008DFB52 /* FollowingList */ = {
			isa = PBXGroup;
			children = (
				25546266269471BD0045FD5F /* FollowingListViewController.swift */,
			);
			path = FollowingList;
			sourceTree = "<group>";
		};
		2531F0022693DC4F008DFB52 /* UI */ = {
			isa = PBXGroup;
			children = (
				2531F0032693DC64008DFB52 /* FollowersListCell.swift */,
			);
			path = UI;
			sourceTree = "<group>";
		};
		253E0928269067C80099A46F /* Profile */ = {
			isa = PBXGroup;
			children = (
				253E0929269067D10099A46F /* UI */,
				251AEBFF267FDBDC00AA05BA /* ProfileViewController.swift */,
			);
			path = Profile;
			sourceTree = "<group>";
		};
		253E0929269067D10099A46F /* UI */ = {
			isa = PBXGroup;
			children = (
				253E092B269068820099A46F /* UserInformationView.swift */,
				253E092D2691165A0099A46F /* RepositoryListView.swift */,
			);
			path = UI;
			sourceTree = "<group>";
		};
		253E092A269067E80099A46F /* Login */ = {
			isa = PBXGroup;
			children = (
				251AEBEE2678946E00AA05BA /* LoginViewController.swift */,
			);
			path = Login;
			sourceTree = "<group>";
		};
		2552A90C26829CFF00956BC7 /* Model */ = {
			isa = PBXGroup;
			children = (
				25B5E70E2683562400F4997E /* Repositories.swift */,
				25B5E70F2683562400F4997E /* Repository.swift */,
				2568A88B268B3A8B00821960 /* UserData.swift */,
				2531EFF426933BF9008DFB52 /* StarredRepositories.swift */,
				2531F0052693E9C9008DFB52 /* Follower.swift */,
			);
			path = Model;
			sourceTree = "<group>";
		};
		2554626F269667740045FD5F /* StarredRepositories */ = {
			isa = PBXGroup;
			children = (
				255462702696678F0045FD5F /* StarredRepositoriesViewController.swift */,
			);
			path = StarredRepositories;
			sourceTree = "<group>";
		};
		258900D426975E4D00229177 /* ViewModel */ = {
			isa = PBXGroup;
			children = (
			);
			path = ViewModel;
			sourceTree = "<group>";
		};
		258900D526975E5600229177 /* Mocks */ = {
			isa = PBXGroup;
			children = (
				258900D626975E7200229177 /* GitAPIMock.swift */,
			);
			path = Mocks;
			sourceTree = "<group>";
		};
		2592D7022685362A004ABBD1 /* ReusableViews */ = {
			isa = PBXGroup;
			children = (
				2592D700268535A3004ABBD1 /* CustomButton.swift */,
			);
			path = ReusableViews;
			sourceTree = "<group>";
		};
		25B5E703268339C900F4997E /* Networking */ = {
			isa = PBXGroup;
			children = (
				25B5E704268339D300F4997E /* OAuth */,
				25B5E7192683601800F4997E /* GitAPIManager.swift */,
				25B5E71B2683604000F4997E /* GitRouter.swift */,
				25B5E71E268368C000F4997E /* GitNetworkLogger.swift */,
				25B5E71D268368C000F4997E /* GitNetworkReachability.swift */,
				25B5E71F268368C100F4997E /* GitRequestInterceptor.swift */,
			);
			path = Networking;
			sourceTree = "<group>";
		};
		25B5E704268339D300F4997E /* OAuth */ = {
			isa = PBXGroup;
			children = (
				25B5E6FE268330C500F4997E /* GitHubConstants.swift */,
				25B5E70526833A5600F4997E /* GitHubAccessToken.swift */,
				25B5E71726835D7200F4997E /* TokenManager.swift */,
			);
			path = OAuth;
			sourceTree = "<group>";
		};
		25B5E7072683446900F4997E /* Storage */ = {
			isa = PBXGroup;
			children = (
				25B5E7082683448F00F4997E /* SecureStore.swift */,
				25B5E70A2683559E00F4997E /* SecureStoreError.swift */,
				25B5E70C268355BA00F4997E /* SecureStoreQueryable.swift */,
			);
			path = Storage;
			sourceTree = "<group>";
		};
		25B5E71426835C9800F4997E /* ViewModel */ = {
			isa = PBXGroup;
			children = (
				25B5E71526835CC800F4997E /* LoginViewModel.swift */,
				25653D75268C9C0100E1CB8D /* ProfileViewModel.swift */,
				2568A88D268B561C00821960 /* Observable.swift */,
			);
			path = ViewModel;
			sourceTree = "<group>";
		};
/* End PBXGroup section */

/* Begin PBXNativeTarget section */
		251AEBB72678943500AA05BA /* GitAcademy */ = {
			isa = PBXNativeTarget;
			buildConfigurationList = 251AEBE52678943700AA05BA /* Build configuration list for PBXNativeTarget "GitAcademy" */;
			buildPhases = (
				251AEBB42678943500AA05BA /* Sources */,
				251AEBB52678943500AA05BA /* Frameworks */,
				251AEBB62678943500AA05BA /* Resources */,
			);
			buildRules = (
			);
			dependencies = (
			);
			name = GitAcademy;
			packageProductDependencies = (
				25B5E701268331C400F4997E /* Alamofire */,
				2592D6FA2685291A004ABBD1 /* SnapKit */,
				259DBC97268D0EFF002CE801 /* Kingfisher */,
			);
			productName = GitAcademy;
			productReference = 251AEBB82678943500AA05BA /* GitAcademy.app */;
			productType = "com.apple.product-type.application";
		};
		251AEBD02678943700AA05BA /* GitAcademyTests */ = {
			isa = PBXNativeTarget;
			buildConfigurationList = 251AEBE82678943700AA05BA /* Build configuration list for PBXNativeTarget "GitAcademyTests" */;
			buildPhases = (
				251AEBCD2678943700AA05BA /* Sources */,
				251AEBCE2678943700AA05BA /* Frameworks */,
				251AEBCF2678943700AA05BA /* Resources */,
			);
			buildRules = (
			);
			dependencies = (
				251AEBD32678943700AA05BA /* PBXTargetDependency */,
			);
			name = GitAcademyTests;
			productName = GitAcademyTests;
			productReference = 251AEBD12678943700AA05BA /* GitAcademyTests.xctest */;
			productType = "com.apple.product-type.bundle.unit-test";
		};
		251AEBDB2678943700AA05BA /* GitAcademyUITests */ = {
			isa = PBXNativeTarget;
			buildConfigurationList = 251AEBEB2678943700AA05BA /* Build configuration list for PBXNativeTarget "GitAcademyUITests" */;
			buildPhases = (
				251AEBD82678943700AA05BA /* Sources */,
				251AEBD92678943700AA05BA /* Frameworks */,
				251AEBDA2678943700AA05BA /* Resources */,
			);
			buildRules = (
			);
			dependencies = (
				251AEBDE2678943700AA05BA /* PBXTargetDependency */,
			);
			name = GitAcademyUITests;
			productName = GitAcademyUITests;
			productReference = 251AEBDC2678943700AA05BA /* GitAcademyUITests.xctest */;
			productType = "com.apple.product-type.bundle.ui-testing";
		};
/* End PBXNativeTarget section */

/* Begin PBXProject section */
		251AEBB02678943500AA05BA /* Project object */ = {
			isa = PBXProject;
			attributes = {
				LastSwiftUpdateCheck = 1250;
				LastUpgradeCheck = 1250;
				TargetAttributes = {
					251AEBB72678943500AA05BA = {
						CreatedOnToolsVersion = 12.5;
					};
					251AEBD02678943700AA05BA = {
						CreatedOnToolsVersion = 12.5;
						TestTargetID = 251AEBB72678943500AA05BA;
					};
					251AEBDB2678943700AA05BA = {
						CreatedOnToolsVersion = 12.5;
						TestTargetID = 251AEBB72678943500AA05BA;
					};
				};
			};
			buildConfigurationList = 251AEBB32678943500AA05BA /* Build configuration list for PBXProject "GitAcademy" */;
			compatibilityVersion = "Xcode 9.3";
			developmentRegion = en;
			hasScannedForEncodings = 0;
			knownRegions = (
				en,
				Base,
			);
			mainGroup = 251AEBAF2678943500AA05BA;
			packageReferences = (
				25B5E700268331C400F4997E /* XCRemoteSwiftPackageReference "Alamofire" */,
				2592D6F92685291A004ABBD1 /* XCRemoteSwiftPackageReference "SnapKit" */,
				259DBC96268D0EFF002CE801 /* XCRemoteSwiftPackageReference "Kingfisher" */,
			);
			productRefGroup = 251AEBB92678943500AA05BA /* Products */;
			projectDirPath = "";
			projectRoot = "";
			targets = (
				251AEBB72678943500AA05BA /* GitAcademy */,
				251AEBD02678943700AA05BA /* GitAcademyTests */,
				251AEBDB2678943700AA05BA /* GitAcademyUITests */,
			);
		};
/* End PBXProject section */

/* Begin PBXResourcesBuildPhase section */
		251AEBB62678943500AA05BA /* Resources */ = {
			isa = PBXResourcesBuildPhase;
			buildActionMask = 2147483647;
			files = (
				251AEBCB2678943700AA05BA /* LaunchScreen.storyboard in Resources */,
				251AEBC82678943700AA05BA /* Preview Assets.xcassets in Resources */,
				251AEBC52678943700AA05BA /* Assets.xcassets in Resources */,
			);
			runOnlyForDeploymentPostprocessing = 0;
		};
		251AEBCF2678943700AA05BA /* Resources */ = {
			isa = PBXResourcesBuildPhase;
			buildActionMask = 2147483647;
			files = (
			);
			runOnlyForDeploymentPostprocessing = 0;
		};
		251AEBDA2678943700AA05BA /* Resources */ = {
			isa = PBXResourcesBuildPhase;
			buildActionMask = 2147483647;
			files = (
			);
			runOnlyForDeploymentPostprocessing = 0;
		};
/* End PBXResourcesBuildPhase section */

/* Begin PBXSourcesBuildPhase section */
		251AEBB42678943500AA05BA /* Sources */ = {
			isa = PBXSourcesBuildPhase;
			buildActionMask = 2147483647;
			files = (
				251AEBFB267BFD4500AA05BA /* DependencyContainer.swift in Sources */,
				2592D6FF26852B22004ABBD1 /* BaseView.swift in Sources */,
				2592D701268535A3004ABBD1 /* CustomButton.swift in Sources */,
				25B5E71C2683604000F4997E /* GitRouter.swift in Sources */,
				251AEBFE267BFD7C00AA05BA /* ViewControllersFactory.swift in Sources */,
				2531F0012693D768008DFB52 /* FollowersListViewController.swift in Sources */,
				2531F0062693E9CA008DFB52 /* Follower.swift in Sources */,
				25546267269471BD0045FD5F /* FollowingListViewController.swift in Sources */,
				25B5E70B2683559E00F4997E /* SecureStoreError.swift in Sources */,
				251AEBEF2678946E00AA05BA /* LoginViewController.swift in Sources */,
				251AEBF7267A2CDB00AA05BA /* MainCoordinator.swift in Sources */,
				251AEBBC2678943500AA05BA /* AppDelegate.swift in Sources */,
				25B5E71826835D7200F4997E /* TokenManager.swift in Sources */,
				25B5E6FF268330C500F4997E /* GitHubConstants.swift in Sources */,
				25B5E722268368C100F4997E /* GitRequestInterceptor.swift in Sources */,
				25B5E70626833A5600F4997E /* GitHubAccessToken.swift in Sources */,
				251AEBF5267A1D7800AA05BA /* CoordinatorProtocol.swift in Sources */,
				253E092E2691165A0099A46F /* RepositoryListView.swift in Sources */,
				2531F0042693DC64008DFB52 /* FollowersListCell.swift in Sources */,
				25B5E7092683448F00F4997E /* SecureStore.swift in Sources */,
				251AEBBE2678943500AA05BA /* SceneDelegate.swift in Sources */,
				25B5E7122683562400F4997E /* Repository.swift in Sources */,
				25B5E7112683562400F4997E /* Repositories.swift in Sources */,
				25B5E71A2683601800F4997E /* GitAPIManager.swift in Sources */,
				2568A88C268B3A8B00821960 /* UserData.swift in Sources */,
				25B5E71626835CC800F4997E /* LoginViewModel.swift in Sources */,
				25B5E720268368C100F4997E /* GitNetworkReachability.swift in Sources */,
				255462712696678F0045FD5F /* StarredRepositoriesViewController.swift in Sources */,
				2592D6FD26852AA3004ABBD1 /* BaseViewController.swift in Sources */,
				25653D76268C9C0100E1CB8D /* ProfileViewModel.swift in Sources */,
				2531EFF526933BF9008DFB52 /* StarredRepositories.swift in Sources */,
				2568A88E268B561C00821960 /* Observable.swift in Sources */,
				25B5E70D268355BA00F4997E /* SecureStoreQueryable.swift in Sources */,
				25B5E721268368C100F4997E /* GitNetworkLogger.swift in Sources */,
				2531EFF826938074008DFB52 /* RepositoriesViewController.swift in Sources */,
				253E092C269068820099A46F /* UserInformationView.swift in Sources */,
				251AEC00267FDBDC00AA05BA /* ProfileViewController.swift in Sources */,
				251AEBC32678943500AA05BA /* GitAcademy.xcdatamodeld in Sources */,
				2531EFFA26939915008DFB52 /* RepositoriesListCell.swift in Sources */,
			);
			runOnlyForDeploymentPostprocessing = 0;
		};
		251AEBCD2678943700AA05BA /* Sources */ = {
			isa = PBXSourcesBuildPhase;
			buildActionMask = 2147483647;
			files = (
				251AEBD62678943700AA05BA /* GitAcademyTests.swift in Sources */,
				258900D726975E7200229177 /* GitAPIMock.swift in Sources */,
			);
			runOnlyForDeploymentPostprocessing = 0;
		};
		251AEBD82678943700AA05BA /* Sources */ = {
			isa = PBXSourcesBuildPhase;
			buildActionMask = 2147483647;
			files = (
				251AEBE12678943700AA05BA /* GitAcademyUITests.swift in Sources */,
			);
			runOnlyForDeploymentPostprocessing = 0;
		};
/* End PBXSourcesBuildPhase section */

/* Begin PBXTargetDependency section */
		251AEBD32678943700AA05BA /* PBXTargetDependency */ = {
			isa = PBXTargetDependency;
			target = 251AEBB72678943500AA05BA /* GitAcademy */;
			targetProxy = 251AEBD22678943700AA05BA /* PBXContainerItemProxy */;
		};
		251AEBDE2678943700AA05BA /* PBXTargetDependency */ = {
			isa = PBXTargetDependency;
			target = 251AEBB72678943500AA05BA /* GitAcademy */;
			targetProxy = 251AEBDD2678943700AA05BA /* PBXContainerItemProxy */;
		};
/* End PBXTargetDependency section */

/* Begin PBXVariantGroup section */
		251AEBC92678943700AA05BA /* LaunchScreen.storyboard */ = {
			isa = PBXVariantGroup;
			children = (
				251AEBCA2678943700AA05BA /* Base */,
			);
			name = LaunchScreen.storyboard;
			sourceTree = "<group>";
		};
/* End PBXVariantGroup section */

/* Begin XCBuildConfiguration section */
		251AEBE32678943700AA05BA /* Debug */ = {
			isa = XCBuildConfiguration;
			buildSettings = {
				ALWAYS_SEARCH_USER_PATHS = NO;
				CLANG_ANALYZER_NONNULL = YES;
				CLANG_ANALYZER_NUMBER_OBJECT_CONVERSION = YES_AGGRESSIVE;
				CLANG_CXX_LANGUAGE_STANDARD = "gnu++14";
				CLANG_CXX_LIBRARY = "libc++";
				CLANG_ENABLE_MODULES = YES;
				CLANG_ENABLE_OBJC_ARC = YES;
				CLANG_ENABLE_OBJC_WEAK = YES;
				CLANG_WARN_BLOCK_CAPTURE_AUTORELEASING = YES;
				CLANG_WARN_BOOL_CONVERSION = YES;
				CLANG_WARN_COMMA = YES;
				CLANG_WARN_CONSTANT_CONVERSION = YES;
				CLANG_WARN_DEPRECATED_OBJC_IMPLEMENTATIONS = YES;
				CLANG_WARN_DIRECT_OBJC_ISA_USAGE = YES_ERROR;
				CLANG_WARN_DOCUMENTATION_COMMENTS = YES;
				CLANG_WARN_EMPTY_BODY = YES;
				CLANG_WARN_ENUM_CONVERSION = YES;
				CLANG_WARN_INFINITE_RECURSION = YES;
				CLANG_WARN_INT_CONVERSION = YES;
				CLANG_WARN_NON_LITERAL_NULL_CONVERSION = YES;
				CLANG_WARN_OBJC_IMPLICIT_RETAIN_SELF = YES;
				CLANG_WARN_OBJC_LITERAL_CONVERSION = YES;
				CLANG_WARN_OBJC_ROOT_CLASS = YES_ERROR;
				CLANG_WARN_QUOTED_INCLUDE_IN_FRAMEWORK_HEADER = YES;
				CLANG_WARN_RANGE_LOOP_ANALYSIS = YES;
				CLANG_WARN_STRICT_PROTOTYPES = YES;
				CLANG_WARN_SUSPICIOUS_MOVE = YES;
				CLANG_WARN_UNGUARDED_AVAILABILITY = YES_AGGRESSIVE;
				CLANG_WARN_UNREACHABLE_CODE = YES;
				CLANG_WARN__DUPLICATE_METHOD_MATCH = YES;
				COPY_PHASE_STRIP = NO;
				DEBUG_INFORMATION_FORMAT = dwarf;
				ENABLE_STRICT_OBJC_MSGSEND = YES;
				ENABLE_TESTABILITY = YES;
				GCC_C_LANGUAGE_STANDARD = gnu11;
				GCC_DYNAMIC_NO_PIC = NO;
				GCC_NO_COMMON_BLOCKS = YES;
				GCC_OPTIMIZATION_LEVEL = 0;
				GCC_PREPROCESSOR_DEFINITIONS = (
					"DEBUG=1",
					"$(inherited)",
				);
				GCC_WARN_64_TO_32_BIT_CONVERSION = YES;
				GCC_WARN_ABOUT_RETURN_TYPE = YES_ERROR;
				GCC_WARN_UNDECLARED_SELECTOR = YES;
				GCC_WARN_UNINITIALIZED_AUTOS = YES_AGGRESSIVE;
				GCC_WARN_UNUSED_FUNCTION = YES;
				GCC_WARN_UNUSED_VARIABLE = YES;
				IPHONEOS_DEPLOYMENT_TARGET = 14.5;
				MTL_ENABLE_DEBUG_INFO = INCLUDE_SOURCE;
				MTL_FAST_MATH = YES;
				ONLY_ACTIVE_ARCH = YES;
				SDKROOT = iphoneos;
				SWIFT_ACTIVE_COMPILATION_CONDITIONS = DEBUG;
				SWIFT_OPTIMIZATION_LEVEL = "-Onone";
			};
			name = Debug;
		};
		251AEBE42678943700AA05BA /* Release */ = {
			isa = XCBuildConfiguration;
			buildSettings = {
				ALWAYS_SEARCH_USER_PATHS = NO;
				CLANG_ANALYZER_NONNULL = YES;
				CLANG_ANALYZER_NUMBER_OBJECT_CONVERSION = YES_AGGRESSIVE;
				CLANG_CXX_LANGUAGE_STANDARD = "gnu++14";
				CLANG_CXX_LIBRARY = "libc++";
				CLANG_ENABLE_MODULES = YES;
				CLANG_ENABLE_OBJC_ARC = YES;
				CLANG_ENABLE_OBJC_WEAK = YES;
				CLANG_WARN_BLOCK_CAPTURE_AUTORELEASING = YES;
				CLANG_WARN_BOOL_CONVERSION = YES;
				CLANG_WARN_COMMA = YES;
				CLANG_WARN_CONSTANT_CONVERSION = YES;
				CLANG_WARN_DEPRECATED_OBJC_IMPLEMENTATIONS = YES;
				CLANG_WARN_DIRECT_OBJC_ISA_USAGE = YES_ERROR;
				CLANG_WARN_DOCUMENTATION_COMMENTS = YES;
				CLANG_WARN_EMPTY_BODY = YES;
				CLANG_WARN_ENUM_CONVERSION = YES;
				CLANG_WARN_INFINITE_RECURSION = YES;
				CLANG_WARN_INT_CONVERSION = YES;
				CLANG_WARN_NON_LITERAL_NULL_CONVERSION = YES;
				CLANG_WARN_OBJC_IMPLICIT_RETAIN_SELF = YES;
				CLANG_WARN_OBJC_LITERAL_CONVERSION = YES;
				CLANG_WARN_OBJC_ROOT_CLASS = YES_ERROR;
				CLANG_WARN_QUOTED_INCLUDE_IN_FRAMEWORK_HEADER = YES;
				CLANG_WARN_RANGE_LOOP_ANALYSIS = YES;
				CLANG_WARN_STRICT_PROTOTYPES = YES;
				CLANG_WARN_SUSPICIOUS_MOVE = YES;
				CLANG_WARN_UNGUARDED_AVAILABILITY = YES_AGGRESSIVE;
				CLANG_WARN_UNREACHABLE_CODE = YES;
				CLANG_WARN__DUPLICATE_METHOD_MATCH = YES;
				COPY_PHASE_STRIP = NO;
				DEBUG_INFORMATION_FORMAT = "dwarf-with-dsym";
				ENABLE_NS_ASSERTIONS = NO;
				ENABLE_STRICT_OBJC_MSGSEND = YES;
				GCC_C_LANGUAGE_STANDARD = gnu11;
				GCC_NO_COMMON_BLOCKS = YES;
				GCC_WARN_64_TO_32_BIT_CONVERSION = YES;
				GCC_WARN_ABOUT_RETURN_TYPE = YES_ERROR;
				GCC_WARN_UNDECLARED_SELECTOR = YES;
				GCC_WARN_UNINITIALIZED_AUTOS = YES_AGGRESSIVE;
				GCC_WARN_UNUSED_FUNCTION = YES;
				GCC_WARN_UNUSED_VARIABLE = YES;
				IPHONEOS_DEPLOYMENT_TARGET = 14.5;
				MTL_ENABLE_DEBUG_INFO = NO;
				MTL_FAST_MATH = YES;
				SDKROOT = iphoneos;
				SWIFT_COMPILATION_MODE = wholemodule;
				SWIFT_OPTIMIZATION_LEVEL = "-O";
				VALIDATE_PRODUCT = YES;
			};
			name = Release;
		};
		251AEBE62678943700AA05BA /* Debug */ = {
			isa = XCBuildConfiguration;
			buildSettings = {
				ASSETCATALOG_COMPILER_APPICON_NAME = AppIcon;
				ASSETCATALOG_COMPILER_GLOBAL_ACCENT_COLOR_NAME = AccentColor;
				CODE_SIGN_STYLE = Automatic;
				DEVELOPMENT_ASSET_PATHS = "\"GitAcademy/Preview Content\"";
				ENABLE_PREVIEWS = YES;
				INFOPLIST_FILE = GitAcademy/Info.plist;
				LD_RUNPATH_SEARCH_PATHS = (
					"$(inherited)",
					"@executable_path/Frameworks",
				);
				PRODUCT_BUNDLE_IDENTIFIER = me.Bundulas.Vilius.GitAcademy;
				PRODUCT_NAME = "$(TARGET_NAME)";
				SWIFT_VERSION = 5.0;
				TARGETED_DEVICE_FAMILY = 1;
			};
			name = Debug;
		};
		251AEBE72678943700AA05BA /* Release */ = {
			isa = XCBuildConfiguration;
			buildSettings = {
				ASSETCATALOG_COMPILER_APPICON_NAME = AppIcon;
				ASSETCATALOG_COMPILER_GLOBAL_ACCENT_COLOR_NAME = AccentColor;
				CODE_SIGN_STYLE = Automatic;
				DEVELOPMENT_ASSET_PATHS = "\"GitAcademy/Preview Content\"";
				ENABLE_PREVIEWS = YES;
				INFOPLIST_FILE = GitAcademy/Info.plist;
				LD_RUNPATH_SEARCH_PATHS = (
					"$(inherited)",
					"@executable_path/Frameworks",
				);
				PRODUCT_BUNDLE_IDENTIFIER = me.Bundulas.Vilius.GitAcademy;
				PRODUCT_NAME = "$(TARGET_NAME)";
				SWIFT_VERSION = 5.0;
				TARGETED_DEVICE_FAMILY = 1;
			};
			name = Release;
		};
		251AEBE92678943700AA05BA /* Debug */ = {
			isa = XCBuildConfiguration;
			buildSettings = {
				ALWAYS_EMBED_SWIFT_STANDARD_LIBRARIES = YES;
				BUNDLE_LOADER = "$(TEST_HOST)";
				CODE_SIGN_STYLE = Automatic;
				INFOPLIST_FILE = GitAcademyTests/Info.plist;
				IPHONEOS_DEPLOYMENT_TARGET = 14.5;
				LD_RUNPATH_SEARCH_PATHS = (
					"$(inherited)",
					"@executable_path/Frameworks",
					"@loader_path/Frameworks",
				);
				PRODUCT_BUNDLE_IDENTIFIER = me.Bundulas.Vilius.GitAcademyTests;
				PRODUCT_NAME = "$(TARGET_NAME)";
				SWIFT_VERSION = 5.0;
				TARGETED_DEVICE_FAMILY = "1,2";
				TEST_HOST = "$(BUILT_PRODUCTS_DIR)/GitAcademy.app/GitAcademy";
			};
			name = Debug;
		};
		251AEBEA2678943700AA05BA /* Release */ = {
			isa = XCBuildConfiguration;
			buildSettings = {
				ALWAYS_EMBED_SWIFT_STANDARD_LIBRARIES = YES;
				BUNDLE_LOADER = "$(TEST_HOST)";
				CODE_SIGN_STYLE = Automatic;
				INFOPLIST_FILE = GitAcademyTests/Info.plist;
				IPHONEOS_DEPLOYMENT_TARGET = 14.5;
				LD_RUNPATH_SEARCH_PATHS = (
					"$(inherited)",
					"@executable_path/Frameworks",
					"@loader_path/Frameworks",
				);
				PRODUCT_BUNDLE_IDENTIFIER = me.Bundulas.Vilius.GitAcademyTests;
				PRODUCT_NAME = "$(TARGET_NAME)";
				SWIFT_VERSION = 5.0;
				TARGETED_DEVICE_FAMILY = "1,2";
				TEST_HOST = "$(BUILT_PRODUCTS_DIR)/GitAcademy.app/GitAcademy";
			};
			name = Release;
		};
		251AEBEC2678943700AA05BA /* Debug */ = {
			isa = XCBuildConfiguration;
			buildSettings = {
				ALWAYS_EMBED_SWIFT_STANDARD_LIBRARIES = YES;
				CODE_SIGN_STYLE = Automatic;
				INFOPLIST_FILE = GitAcademyUITests/Info.plist;
				LD_RUNPATH_SEARCH_PATHS = (
					"$(inherited)",
					"@executable_path/Frameworks",
					"@loader_path/Frameworks",
				);
				PRODUCT_BUNDLE_IDENTIFIER = me.Bundulas.Vilius.GitAcademyUITests;
				PRODUCT_NAME = "$(TARGET_NAME)";
				SWIFT_VERSION = 5.0;
				TARGETED_DEVICE_FAMILY = "1,2";
				TEST_TARGET_NAME = GitAcademy;
			};
			name = Debug;
		};
		251AEBED2678943700AA05BA /* Release */ = {
			isa = XCBuildConfiguration;
			buildSettings = {
				ALWAYS_EMBED_SWIFT_STANDARD_LIBRARIES = YES;
				CODE_SIGN_STYLE = Automatic;
				INFOPLIST_FILE = GitAcademyUITests/Info.plist;
				LD_RUNPATH_SEARCH_PATHS = (
					"$(inherited)",
					"@executable_path/Frameworks",
					"@loader_path/Frameworks",
				);
				PRODUCT_BUNDLE_IDENTIFIER = me.Bundulas.Vilius.GitAcademyUITests;
				PRODUCT_NAME = "$(TARGET_NAME)";
				SWIFT_VERSION = 5.0;
				TARGETED_DEVICE_FAMILY = "1,2";
				TEST_TARGET_NAME = GitAcademy;
			};
			name = Release;
		};
/* End XCBuildConfiguration section */

/* Begin XCConfigurationList section */
		251AEBB32678943500AA05BA /* Build configuration list for PBXProject "GitAcademy" */ = {
			isa = XCConfigurationList;
			buildConfigurations = (
				251AEBE32678943700AA05BA /* Debug */,
				251AEBE42678943700AA05BA /* Release */,
			);
			defaultConfigurationIsVisible = 0;
			defaultConfigurationName = Release;
		};
		251AEBE52678943700AA05BA /* Build configuration list for PBXNativeTarget "GitAcademy" */ = {
			isa = XCConfigurationList;
			buildConfigurations = (
				251AEBE62678943700AA05BA /* Debug */,
				251AEBE72678943700AA05BA /* Release */,
			);
			defaultConfigurationIsVisible = 0;
			defaultConfigurationName = Release;
		};
		251AEBE82678943700AA05BA /* Build configuration list for PBXNativeTarget "GitAcademyTests" */ = {
			isa = XCConfigurationList;
			buildConfigurations = (
				251AEBE92678943700AA05BA /* Debug */,
				251AEBEA2678943700AA05BA /* Release */,
			);
			defaultConfigurationIsVisible = 0;
			defaultConfigurationName = Release;
		};
		251AEBEB2678943700AA05BA /* Build configuration list for PBXNativeTarget "GitAcademyUITests" */ = {
			isa = XCConfigurationList;
			buildConfigurations = (
				251AEBEC2678943700AA05BA /* Debug */,
				251AEBED2678943700AA05BA /* Release */,
			);
			defaultConfigurationIsVisible = 0;
			defaultConfigurationName = Release;
		};
/* End XCConfigurationList section */

/* Begin XCRemoteSwiftPackageReference section */
		2592D6F92685291A004ABBD1 /* XCRemoteSwiftPackageReference "SnapKit" */ = {
			isa = XCRemoteSwiftPackageReference;
			repositoryURL = "https://github.com/SnapKit/SnapKit.git";
			requirement = {
				kind = upToNextMajorVersion;
				minimumVersion = 5.0.1;
			};
		};
		259DBC96268D0EFF002CE801 /* XCRemoteSwiftPackageReference "Kingfisher" */ = {
			isa = XCRemoteSwiftPackageReference;
			repositoryURL = "https://github.com/onevcat/Kingfisher.git";
			requirement = {
				kind = upToNextMajorVersion;
				minimumVersion = 6.3.0;
			};
		};
		25B5E700268331C400F4997E /* XCRemoteSwiftPackageReference "Alamofire" */ = {
			isa = XCRemoteSwiftPackageReference;
			repositoryURL = "https://github.com/Alamofire/Alamofire.git";
			requirement = {
				kind = upToNextMajorVersion;
				minimumVersion = 5.4.3;
			};
		};
/* End XCRemoteSwiftPackageReference section */

/* Begin XCSwiftPackageProductDependency section */
		2592D6FA2685291A004ABBD1 /* SnapKit */ = {
			isa = XCSwiftPackageProductDependency;
			package = 2592D6F92685291A004ABBD1 /* XCRemoteSwiftPackageReference "SnapKit" */;
			productName = SnapKit;
		};
		259DBC97268D0EFF002CE801 /* Kingfisher */ = {
			isa = XCSwiftPackageProductDependency;
			package = 259DBC96268D0EFF002CE801 /* XCRemoteSwiftPackageReference "Kingfisher" */;
			productName = Kingfisher;
		};
		25B5E701268331C400F4997E /* Alamofire */ = {
			isa = XCSwiftPackageProductDependency;
			package = 25B5E700268331C400F4997E /* XCRemoteSwiftPackageReference "Alamofire" */;
			productName = Alamofire;
		};
/* End XCSwiftPackageProductDependency section */

/* Begin XCVersionGroup section */
		251AEBC12678943500AA05BA /* GitAcademy.xcdatamodeld */ = {
			isa = XCVersionGroup;
			children = (
				251AEBC22678943500AA05BA /* GitAcademy.xcdatamodel */,
			);
			currentVersion = 251AEBC22678943500AA05BA /* GitAcademy.xcdatamodel */;
			path = GitAcademy.xcdatamodeld;
			sourceTree = "<group>";
			versionGroupType = wrapper.xcdatamodel;
		};
/* End XCVersionGroup section */
	};
	rootObject = 251AEBB02678943500AA05BA /* Project object */;
}
